
Microsoft Visual Studio Solution File, Format Version 12.00
# Visual Studio Version 17
VisualStudioVersion = 17.11.35222.181
MinimumVisualStudioVersion = 10.0.40219.1
Project("{FAE04EC0-301F-11D3-BF4B-00C04F79EFBC}") = "Valasztasok", "Valasztasok\Valasztasok.csproj", "{4B7F4758-2325-4769-A98A-3ECFCB0BF87B}"
EndProject
Global
	GlobalSection(SolutionConfigurationPlatforms) = preSolution
		Debug|Any CPU = Debug|Any CPU
		Release|Any CPU = Release|Any CPU
	EndGlobalSection
	GlobalSection(ProjectConfigurationPlatforms) = postSolution
		{4B7F4758-2325-4769-A98A-3ECFCB0BF87B}.Debug|Any CPU.ActiveCfg = Debug|Any CPU
		{4B7F4758-2325-4769-A98A-3ECFCB0BF87B}.Debug|Any CPU.Build.0 = Debug|Any CPU
		{4B7F4758-2325-4769-A98A-3ECFCB0BF87B}.Release|Any CPU.ActiveCfg = Release|Any CPU
		{4B7F4758-2325-4769-A98A-3ECFCB0BF87B}.Release|Any CPU.Build.0 = Release|Any CPU
	EndGlobalSection
	GlobalSection(SolutionProperties) = preSolution
		HideSolutionNode = FALSE
	EndGlobalSection
	GlobalSection(ExtensibilityGlobals) = postSolution
		SolutionGuid = {C3305F8B-5212-4972-9108-42CECD527599}
	EndGlobalSection
EndGlobal
